
Microsoft Visual Studio Solution File, Format Version 12.00
# Visual Studio Version 17
VisualStudioVersion = 17.4.33122.133
MinimumVisualStudioVersion = 10.0.40219.1
Project("{9A19103F-16F7-4668-BE54-9A1E7A4F7556}") = "GitHub", "GitHub\GitHub.csproj", "{601253CC-45C7-4445-BFB4-C68F48D910DE}"
EndProject
Project("{9A19103F-16F7-4668-BE54-9A1E7A4F7556}") = "SwitchCase", "SwitchCase\SwitchCase.csproj", "{E33F1082-E4D7-4686-9558-59B7A4D22204}"
EndProject
Project("{9A19103F-16F7-4668-BE54-9A1E7A4F7556}") = "ForEachAndWhile", "ForEachAndWhile\ForEachAndWhile.csproj", "{4F86626F-F50D-495F-9FA0-94E2063EC7C6}"
EndProject
Project("{9A19103F-16F7-4668-BE54-9A1E7A4F7556}") = "RefOut", "RefOut\RefOut.csproj", "{A91F3602-2B81-4ECD-8CEE-B3AB517299B1}"
EndProject
Project("{FAE04EC0-301F-11D3-BF4B-00C04F79EFBC}") = "Project_Test_Menu", "Project_Test_Menu\Project_Test_Menu.csproj", "{B582E04D-EA00-47E7-B266-6BBCDBE31392}"
EndProject
Global
	GlobalSection(SolutionConfigurationPlatforms) = preSolution
		Debug|Any CPU = Debug|Any CPU
		Release|Any CPU = Release|Any CPU
	EndGlobalSection
	GlobalSection(ProjectConfigurationPlatforms) = postSolution
		{601253CC-45C7-4445-BFB4-C68F48D910DE}.Debug|Any CPU.ActiveCfg = Debug|Any CPU
		{601253CC-45C7-4445-BFB4-C68F48D910DE}.Debug|Any CPU.Build.0 = Debug|Any CPU
		{601253CC-45C7-4445-BFB4-C68F48D910DE}.Release|Any CPU.ActiveCfg = Release|Any CPU
		{601253CC-45C7-4445-BFB4-C68F48D910DE}.Release|Any CPU.Build.0 = Release|Any CPU
		{E33F1082-E4D7-4686-9558-59B7A4D22204}.Debug|Any CPU.ActiveCfg = Debug|Any CPU
		{E33F1082-E4D7-4686-9558-59B7A4D22204}.Debug|Any CPU.Build.0 = Debug|Any CPU
		{E33F1082-E4D7-4686-9558-59B7A4D22204}.Release|Any CPU.ActiveCfg = Release|Any CPU
		{E33F1082-E4D7-4686-9558-59B7A4D22204}.Release|Any CPU.Build.0 = Release|Any CPU
		{4F86626F-F50D-495F-9FA0-94E2063EC7C6}.Debug|Any CPU.ActiveCfg = Debug|Any CPU
		{4F86626F-F50D-495F-9FA0-94E2063EC7C6}.Debug|Any CPU.Build.0 = Debug|Any CPU
		{4F86626F-F50D-495F-9FA0-94E2063EC7C6}.Release|Any CPU.ActiveCfg = Release|Any CPU
		{4F86626F-F50D-495F-9FA0-94E2063EC7C6}.Release|Any CPU.Build.0 = Release|Any CPU
		{A91F3602-2B81-4ECD-8CEE-B3AB517299B1}.Debug|Any CPU.ActiveCfg = Debug|Any CPU
		{A91F3602-2B81-4ECD-8CEE-B3AB517299B1}.Debug|Any CPU.Build.0 = Debug|Any CPU
		{A91F3602-2B81-4ECD-8CEE-B3AB517299B1}.Release|Any CPU.ActiveCfg = Release|Any CPU
		{A91F3602-2B81-4ECD-8CEE-B3AB517299B1}.Release|Any CPU.Build.0 = Release|Any CPU
		{B582E04D-EA00-47E7-B266-6BBCDBE31392}.Debug|Any CPU.ActiveCfg = Debug|Any CPU
		{B582E04D-EA00-47E7-B266-6BBCDBE31392}.Debug|Any CPU.Build.0 = Debug|Any CPU
		{B582E04D-EA00-47E7-B266-6BBCDBE31392}.Release|Any CPU.ActiveCfg = Release|Any CPU
		{B582E04D-EA00-47E7-B266-6BBCDBE31392}.Release|Any CPU.Build.0 = Release|Any CPU
	EndGlobalSection
	GlobalSection(SolutionProperties) = preSolution
		HideSolutionNode = FALSE
	EndGlobalSection
	GlobalSection(ExtensibilityGlobals) = postSolution
		SolutionGuid = {600A16A9-8998-4A66-B83C-D873B2B3907D}
	EndGlobalSection
EndGlobal
