
Microsoft Visual Studio Solution File, Format Version 12.00
# Visual Studio Version 17
VisualStudioVersion = 17.4.33122.133
MinimumVisualStudioVersion = 10.0.40219.1
Project("{9A19103F-16F7-4668-BE54-9A1E7A4F7556}") = "Exam_21_12_22", "Exam_21_12_22\Exam_21_12_22.csproj", "{4455CB53-F1FC-440B-9BDD-C18F3A63D9B2}"
EndProject
Project("{FAE04EC0-301F-11D3-BF4B-00C04F79EFBC}") = "Project_Template_Without_Database", "Project_Template_Without_Database\Project_Template_Without_Database.csproj", "{8B099A6C-1FAD-4C5F-B882-3759DBCFC91D}"
EndProject
Global
	GlobalSection(SolutionConfigurationPlatforms) = preSolution
		Debug|Any CPU = Debug|Any CPU
		Release|Any CPU = Release|Any CPU
	EndGlobalSection
	GlobalSection(ProjectConfigurationPlatforms) = postSolution
		{4455CB53-F1FC-440B-9BDD-C18F3A63D9B2}.Debug|Any CPU.ActiveCfg = Debug|Any CPU
		{4455CB53-F1FC-440B-9BDD-C18F3A63D9B2}.Debug|Any CPU.Build.0 = Debug|Any CPU
		{4455CB53-F1FC-440B-9BDD-C18F3A63D9B2}.Release|Any CPU.ActiveCfg = Release|Any CPU
		{4455CB53-F1FC-440B-9BDD-C18F3A63D9B2}.Release|Any CPU.Build.0 = Release|Any CPU
		{8B099A6C-1FAD-4C5F-B882-3759DBCFC91D}.Debug|Any CPU.ActiveCfg = Debug|Any CPU
		{8B099A6C-1FAD-4C5F-B882-3759DBCFC91D}.Debug|Any CPU.Build.0 = Debug|Any CPU
		{8B099A6C-1FAD-4C5F-B882-3759DBCFC91D}.Release|Any CPU.ActiveCfg = Release|Any CPU
		{8B099A6C-1FAD-4C5F-B882-3759DBCFC91D}.Release|Any CPU.Build.0 = Release|Any CPU
	EndGlobalSection
	GlobalSection(SolutionProperties) = preSolution
		HideSolutionNode = FALSE
	EndGlobalSection
	GlobalSection(ExtensibilityGlobals) = postSolution
		SolutionGuid = {C4C70457-ED00-409A-B1B5-566F40CEFD5F}
	EndGlobalSection
EndGlobal
