
Microsoft Visual Studio Solution File, Format Version 12.00
# Visual Studio Version 17
VisualStudioVersion = 17.4.33122.133
MinimumVisualStudioVersion = 10.0.40219.1
Project("{9A19103F-16F7-4668-BE54-9A1E7A4F7556}") = "RegexTryParse", "RegexTryParse\RegexTryParse.csproj", "{F4E523B7-4992-4E21-A6B2-037E8CF45CAC}"
EndProject
Project("{9A19103F-16F7-4668-BE54-9A1E7A4F7556}") = "ParitalClass", "ParitalClass\ParitalClass.csproj", "{FCF8F4FE-E5B3-41F7-8FF3-823DF0AA5B2B}"
EndProject
Project("{9A19103F-16F7-4668-BE54-9A1E7A4F7556}") = "ArgumentAndParam", "ArgumentAndParam\ArgumentAndParam.csproj", "{390C9452-1508-4E00-AA26-2521A7E47959}"
EndProject
Project("{9A19103F-16F7-4668-BE54-9A1E7A4F7556}") = "OopAbstraction", "OopAbstraction\OopAbstraction.csproj", "{7437DC0B-D2E9-4AF6-9FD4-4756343CFC78}"
EndProject
Project("{9A19103F-16F7-4668-BE54-9A1E7A4F7556}") = "OopEncapsulation", "OopEncapsulation\OopEncapsulation.csproj", "{83BD84AE-5B85-4B9A-BB0C-36C384CD0B4F}"
EndProject
Project("{9A19103F-16F7-4668-BE54-9A1E7A4F7556}") = "OopEncapsulationCont", "OopEncapsulationCont\OopEncapsulationCont.csproj", "{20539D71-7FCA-4F8F-8C27-3D52B9A6E792}"
EndProject
Project("{9A19103F-16F7-4668-BE54-9A1E7A4F7556}") = "OopEncapsulationProperty", "OopEncapsulationProperty\OopEncapsulationProperty.csproj", "{6AFAF9D4-415E-4D19-8AE0-17D77E544D1C}"
EndProject
Project("{9A19103F-16F7-4668-BE54-9A1E7A4F7556}") = "OopPolymorphism", "OopPolymorphism\OopPolymorphism.csproj", "{E705526F-1093-457D-A0F5-0B552E4CF037}"
EndProject
Project("{9A19103F-16F7-4668-BE54-9A1E7A4F7556}") = "OopPolymorphismOverride", "OopPolymorphismOverride\OopPolymorphismOverride.csproj", "{CEAFAE3E-5DDB-427E-9975-3819E194BDB1}"
EndProject
Project("{9A19103F-16F7-4668-BE54-9A1E7A4F7556}") = "OopPolymorphismInteface", "OopPolymorphismInteface\OopPolymorphismInteface.csproj", "{4AEA40AC-32C6-42FE-A7AE-195473436591}"
EndProject
Project("{9A19103F-16F7-4668-BE54-9A1E7A4F7556}") = "ExtentionMethod", "ExtentionMethod\ExtentionMethod.csproj", "{9BE2E558-14D7-4B9C-BF4B-990A7A1BA110}"
EndProject
Project("{9A19103F-16F7-4668-BE54-9A1E7A4F7556}") = "ListAndLINQ", "ListAndLINQ\ListAndLINQ.csproj", "{21E53EAE-2791-4004-A7C5-95F23360DFF9}"
EndProject
Project("{9A19103F-16F7-4668-BE54-9A1E7A4F7556}") = "GenericClass", "GenericClass\GenericClass.csproj", "{C3F706E8-D76D-4B72-A8D8-896A56A86F50}"
EndProject
Project("{9A19103F-16F7-4668-BE54-9A1E7A4F7556}") = "Delegate", "Delegate\Delegate.csproj", "{E2A6741E-3EC4-42C8-A002-C2BC99D8FE65}"
EndProject
Project("{9A19103F-16F7-4668-BE54-9A1E7A4F7556}") = "ExeciseOop", "ExeciseOop\ExeciseOop.csproj", "{438A905B-3E8A-4D1D-9732-73F5B4A189B1}"
EndProject
Project("{9A19103F-16F7-4668-BE54-9A1E7A4F7556}") = "FunctionAndAction", "FunctionAndAction\FunctionAndAction.csproj", "{713572EA-686A-49C1-A047-47C1D9505F39}"
EndProject
Project("{9A19103F-16F7-4668-BE54-9A1E7A4F7556}") = "UsingTuple", "Tuple\UsingTuple.csproj", "{FF54AB01-62B3-498D-8C4C-93EA582C9553}"
EndProject
Project("{9A19103F-16F7-4668-BE54-9A1E7A4F7556}") = "NetCoreWF", "NetCoreWF\NetCoreWF.csproj", "{AB0C2CA1-76EB-4B12-B953-7017B705A98C}"
EndProject
Project("{FAE04EC0-301F-11D3-BF4B-00C04F79EFBC}") = "NetFramework", "NetFramework\NetFramework.csproj", "{25073D95-EE97-4DAA-A8C3-11FEF3E178D8}"
EndProject
Global
	GlobalSection(SolutionConfigurationPlatforms) = preSolution
		Debug|Any CPU = Debug|Any CPU
		Release|Any CPU = Release|Any CPU
	EndGlobalSection
	GlobalSection(ProjectConfigurationPlatforms) = postSolution
		{F4E523B7-4992-4E21-A6B2-037E8CF45CAC}.Debug|Any CPU.ActiveCfg = Debug|Any CPU
		{F4E523B7-4992-4E21-A6B2-037E8CF45CAC}.Debug|Any CPU.Build.0 = Debug|Any CPU
		{F4E523B7-4992-4E21-A6B2-037E8CF45CAC}.Release|Any CPU.ActiveCfg = Release|Any CPU
		{F4E523B7-4992-4E21-A6B2-037E8CF45CAC}.Release|Any CPU.Build.0 = Release|Any CPU
		{FCF8F4FE-E5B3-41F7-8FF3-823DF0AA5B2B}.Debug|Any CPU.ActiveCfg = Debug|Any CPU
		{FCF8F4FE-E5B3-41F7-8FF3-823DF0AA5B2B}.Debug|Any CPU.Build.0 = Debug|Any CPU
		{FCF8F4FE-E5B3-41F7-8FF3-823DF0AA5B2B}.Release|Any CPU.ActiveCfg = Release|Any CPU
		{FCF8F4FE-E5B3-41F7-8FF3-823DF0AA5B2B}.Release|Any CPU.Build.0 = Release|Any CPU
		{390C9452-1508-4E00-AA26-2521A7E47959}.Debug|Any CPU.ActiveCfg = Debug|Any CPU
		{390C9452-1508-4E00-AA26-2521A7E47959}.Debug|Any CPU.Build.0 = Debug|Any CPU
		{390C9452-1508-4E00-AA26-2521A7E47959}.Release|Any CPU.ActiveCfg = Release|Any CPU
		{390C9452-1508-4E00-AA26-2521A7E47959}.Release|Any CPU.Build.0 = Release|Any CPU
		{7437DC0B-D2E9-4AF6-9FD4-4756343CFC78}.Debug|Any CPU.ActiveCfg = Debug|Any CPU
		{7437DC0B-D2E9-4AF6-9FD4-4756343CFC78}.Debug|Any CPU.Build.0 = Debug|Any CPU
		{7437DC0B-D2E9-4AF6-9FD4-4756343CFC78}.Release|Any CPU.ActiveCfg = Release|Any CPU
		{7437DC0B-D2E9-4AF6-9FD4-4756343CFC78}.Release|Any CPU.Build.0 = Release|Any CPU
		{83BD84AE-5B85-4B9A-BB0C-36C384CD0B4F}.Debug|Any CPU.ActiveCfg = Debug|Any CPU
		{83BD84AE-5B85-4B9A-BB0C-36C384CD0B4F}.Debug|Any CPU.Build.0 = Debug|Any CPU
		{83BD84AE-5B85-4B9A-BB0C-36C384CD0B4F}.Release|Any CPU.ActiveCfg = Release|Any CPU
		{83BD84AE-5B85-4B9A-BB0C-36C384CD0B4F}.Release|Any CPU.Build.0 = Release|Any CPU
		{20539D71-7FCA-4F8F-8C27-3D52B9A6E792}.Debug|Any CPU.ActiveCfg = Debug|Any CPU
		{20539D71-7FCA-4F8F-8C27-3D52B9A6E792}.Debug|Any CPU.Build.0 = Debug|Any CPU
		{20539D71-7FCA-4F8F-8C27-3D52B9A6E792}.Release|Any CPU.ActiveCfg = Release|Any CPU
		{20539D71-7FCA-4F8F-8C27-3D52B9A6E792}.Release|Any CPU.Build.0 = Release|Any CPU
		{6AFAF9D4-415E-4D19-8AE0-17D77E544D1C}.Debug|Any CPU.ActiveCfg = Debug|Any CPU
		{6AFAF9D4-415E-4D19-8AE0-17D77E544D1C}.Debug|Any CPU.Build.0 = Debug|Any CPU
		{6AFAF9D4-415E-4D19-8AE0-17D77E544D1C}.Release|Any CPU.ActiveCfg = Release|Any CPU
		{6AFAF9D4-415E-4D19-8AE0-17D77E544D1C}.Release|Any CPU.Build.0 = Release|Any CPU
		{E705526F-1093-457D-A0F5-0B552E4CF037}.Debug|Any CPU.ActiveCfg = Debug|Any CPU
		{E705526F-1093-457D-A0F5-0B552E4CF037}.Debug|Any CPU.Build.0 = Debug|Any CPU
		{E705526F-1093-457D-A0F5-0B552E4CF037}.Release|Any CPU.ActiveCfg = Release|Any CPU
		{E705526F-1093-457D-A0F5-0B552E4CF037}.Release|Any CPU.Build.0 = Release|Any CPU
		{CEAFAE3E-5DDB-427E-9975-3819E194BDB1}.Debug|Any CPU.ActiveCfg = Debug|Any CPU
		{CEAFAE3E-5DDB-427E-9975-3819E194BDB1}.Debug|Any CPU.Build.0 = Debug|Any CPU
		{CEAFAE3E-5DDB-427E-9975-3819E194BDB1}.Release|Any CPU.ActiveCfg = Release|Any CPU
		{CEAFAE3E-5DDB-427E-9975-3819E194BDB1}.Release|Any CPU.Build.0 = Release|Any CPU
		{4AEA40AC-32C6-42FE-A7AE-195473436591}.Debug|Any CPU.ActiveCfg = Debug|Any CPU
		{4AEA40AC-32C6-42FE-A7AE-195473436591}.Debug|Any CPU.Build.0 = Debug|Any CPU
		{4AEA40AC-32C6-42FE-A7AE-195473436591}.Release|Any CPU.ActiveCfg = Release|Any CPU
		{4AEA40AC-32C6-42FE-A7AE-195473436591}.Release|Any CPU.Build.0 = Release|Any CPU
		{9BE2E558-14D7-4B9C-BF4B-990A7A1BA110}.Debug|Any CPU.ActiveCfg = Debug|Any CPU
		{9BE2E558-14D7-4B9C-BF4B-990A7A1BA110}.Debug|Any CPU.Build.0 = Debug|Any CPU
		{9BE2E558-14D7-4B9C-BF4B-990A7A1BA110}.Release|Any CPU.ActiveCfg = Release|Any CPU
		{9BE2E558-14D7-4B9C-BF4B-990A7A1BA110}.Release|Any CPU.Build.0 = Release|Any CPU
		{21E53EAE-2791-4004-A7C5-95F23360DFF9}.Debug|Any CPU.ActiveCfg = Debug|Any CPU
		{21E53EAE-2791-4004-A7C5-95F23360DFF9}.Debug|Any CPU.Build.0 = Debug|Any CPU
		{21E53EAE-2791-4004-A7C5-95F23360DFF9}.Release|Any CPU.ActiveCfg = Release|Any CPU
		{21E53EAE-2791-4004-A7C5-95F23360DFF9}.Release|Any CPU.Build.0 = Release|Any CPU
		{C3F706E8-D76D-4B72-A8D8-896A56A86F50}.Debug|Any CPU.ActiveCfg = Debug|Any CPU
		{C3F706E8-D76D-4B72-A8D8-896A56A86F50}.Debug|Any CPU.Build.0 = Debug|Any CPU
		{C3F706E8-D76D-4B72-A8D8-896A56A86F50}.Release|Any CPU.ActiveCfg = Release|Any CPU
		{C3F706E8-D76D-4B72-A8D8-896A56A86F50}.Release|Any CPU.Build.0 = Release|Any CPU
		{E2A6741E-3EC4-42C8-A002-C2BC99D8FE65}.Debug|Any CPU.ActiveCfg = Debug|Any CPU
		{E2A6741E-3EC4-42C8-A002-C2BC99D8FE65}.Debug|Any CPU.Build.0 = Debug|Any CPU
		{E2A6741E-3EC4-42C8-A002-C2BC99D8FE65}.Release|Any CPU.ActiveCfg = Release|Any CPU
		{E2A6741E-3EC4-42C8-A002-C2BC99D8FE65}.Release|Any CPU.Build.0 = Release|Any CPU
		{438A905B-3E8A-4D1D-9732-73F5B4A189B1}.Debug|Any CPU.ActiveCfg = Debug|Any CPU
		{438A905B-3E8A-4D1D-9732-73F5B4A189B1}.Debug|Any CPU.Build.0 = Debug|Any CPU
		{438A905B-3E8A-4D1D-9732-73F5B4A189B1}.Release|Any CPU.ActiveCfg = Release|Any CPU
		{438A905B-3E8A-4D1D-9732-73F5B4A189B1}.Release|Any CPU.Build.0 = Release|Any CPU
		{713572EA-686A-49C1-A047-47C1D9505F39}.Debug|Any CPU.ActiveCfg = Debug|Any CPU
		{713572EA-686A-49C1-A047-47C1D9505F39}.Debug|Any CPU.Build.0 = Debug|Any CPU
		{713572EA-686A-49C1-A047-47C1D9505F39}.Release|Any CPU.ActiveCfg = Release|Any CPU
		{713572EA-686A-49C1-A047-47C1D9505F39}.Release|Any CPU.Build.0 = Release|Any CPU
		{FF54AB01-62B3-498D-8C4C-93EA582C9553}.Debug|Any CPU.ActiveCfg = Debug|Any CPU
		{FF54AB01-62B3-498D-8C4C-93EA582C9553}.Debug|Any CPU.Build.0 = Debug|Any CPU
		{FF54AB01-62B3-498D-8C4C-93EA582C9553}.Release|Any CPU.ActiveCfg = Release|Any CPU
		{FF54AB01-62B3-498D-8C4C-93EA582C9553}.Release|Any CPU.Build.0 = Release|Any CPU
		{AB0C2CA1-76EB-4B12-B953-7017B705A98C}.Debug|Any CPU.ActiveCfg = Debug|Any CPU
		{AB0C2CA1-76EB-4B12-B953-7017B705A98C}.Debug|Any CPU.Build.0 = Debug|Any CPU
		{AB0C2CA1-76EB-4B12-B953-7017B705A98C}.Release|Any CPU.ActiveCfg = Release|Any CPU
		{AB0C2CA1-76EB-4B12-B953-7017B705A98C}.Release|Any CPU.Build.0 = Release|Any CPU
		{25073D95-EE97-4DAA-A8C3-11FEF3E178D8}.Debug|Any CPU.ActiveCfg = Debug|Any CPU
		{25073D95-EE97-4DAA-A8C3-11FEF3E178D8}.Debug|Any CPU.Build.0 = Debug|Any CPU
		{25073D95-EE97-4DAA-A8C3-11FEF3E178D8}.Release|Any CPU.ActiveCfg = Release|Any CPU
		{25073D95-EE97-4DAA-A8C3-11FEF3E178D8}.Release|Any CPU.Build.0 = Release|Any CPU
	EndGlobalSection
	GlobalSection(SolutionProperties) = preSolution
		HideSolutionNode = FALSE
	EndGlobalSection
	GlobalSection(ExtensibilityGlobals) = postSolution
		SolutionGuid = {B4BA9C55-3BCD-4BAC-A6CA-3FA2D1BF0087}
	EndGlobalSection
EndGlobal
